
Microsoft Visual Studio Solution File, Format Version 12.00
# Visual Studio Version 17
VisualStudioVersion = 17.10.35013.160
MinimumVisualStudioVersion = 10.0.40219.1
Project("{9A19103F-16F7-4668-BE54-9A1E7A4F7556}") = "API_BurgerManiaBackend", "API_BurgerManiaBackend.csproj", "{EC2E3B16-500B-4B16-A243-314A92152260}"
EndProject
Project("{FAE04EC0-301F-11D3-BF4B-00C04F79EFBC}") = "API_BurgerManiaBackend.Tests", "..\API_BurgerManiaBackend.Tests\API_BurgerManiaBackend.Tests.csproj", "{7A653FC2-9BBB-4DCD-A955-D99379941AA3}"
EndProject
Global
	GlobalSection(SolutionConfigurationPlatforms) = preSolution
		Debug|Any CPU = Debug|Any CPU
		Release|Any CPU = Release|Any CPU
	EndGlobalSection
	GlobalSection(ProjectConfigurationPlatforms) = postSolution
		{EC2E3B16-500B-4B16-A243-314A92152260}.Debug|Any CPU.ActiveCfg = Debug|Any CPU
		{EC2E3B16-500B-4B16-A243-314A92152260}.Debug|Any CPU.Build.0 = Debug|Any CPU
		{EC2E3B16-500B-4B16-A243-314A92152260}.Release|Any CPU.ActiveCfg = Release|Any CPU
		{EC2E3B16-500B-4B16-A243-314A92152260}.Release|Any CPU.Build.0 = Release|Any CPU
		{7A653FC2-9BBB-4DCD-A955-D99379941AA3}.Debug|Any CPU.ActiveCfg = Debug|Any CPU
		{7A653FC2-9BBB-4DCD-A955-D99379941AA3}.Debug|Any CPU.Build.0 = Debug|Any CPU
		{7A653FC2-9BBB-4DCD-A955-D99379941AA3}.Release|Any CPU.ActiveCfg = Release|Any CPU
		{7A653FC2-9BBB-4DCD-A955-D99379941AA3}.Release|Any CPU.Build.0 = Release|Any CPU
	EndGlobalSection
	GlobalSection(SolutionProperties) = preSolution
		HideSolutionNode = FALSE
	EndGlobalSection
	GlobalSection(ExtensibilityGlobals) = postSolution
		SolutionGuid = {286CAE90-5DF1-426C-BFF4-058638D9F589}
	EndGlobalSection
EndGlobal
